
# cargo-vet imports lock

[[publisher.bumpalo]]
version = "3.20.3"
when = "2026-05-22"
user-id = 696
user-login = "fitzgen"
user-name = "Nick Fitzgerald"

[[publisher.wasip2]]
version = "1.0.4+wasi-0.2.12"
when = "2026-06-12"
user-id = 1
user-login = "alexcrichton"
user-name = "Alex Crichton"

[[audits.bytecodealliance.wildcard-audits.bumpalo]]
who = "Nick Fitzgerald <fitzgen@gmail.com>"
criteria = "safe-to-deploy"
user-id = 696 # Nick Fitzgerald (fitzgen)
start = "2019-03-16"
end = "2026-08-21"

[[audits.bytecodealliance.wildcard-audits.wasip2]]
who = "Alex Crichton <alex@alexcrichton.com>"
criteria = "safe-to-deploy"
user-id = 1 # Alex Crichton (alexcrichton)
start = "2025-08-10"
end = "2026-08-21"
notes = """
This is a Bytecode Alliance authored crate.
"""

[[audits.bytecodealliance.audits.anes]]
who = "Pat Hickey <phickey@fastly.com>"
criteria = "safe-to-deploy"
version = "0.1.6"
notes = "Contains no unsafe code, no IO, no build.rs."

[[audits.bytecodealliance.audits.miniz_oxide]]
who = "Alex Crichton <alex@alexcrichton.com>"
criteria = "safe-to-deploy"
version = "0.7.1"
notes = """
This crate is a Rust implementation of zlib compression/decompression and has
been used by default by the Rust standard library for quite some time. It's also
a default dependency of the popular `backtrace` crate for decompressing debug
information. This crate forbids unsafe code and does not otherwise access system
resources. It's originally a port of the `miniz.c` library as well, and given
its own longevity should be relatively hardened against some of the more common
compression-related issues.
"""

[[audits.bytecodealliance.audits.miniz_oxide]]
who = "Alex Crichton <alex@alexcrichton.com>"
criteria = "safe-to-deploy"
delta = "0.7.1 -> 0.8.0"
notes = "Minor updates, using new Rust features like `const`, no major changes."

[[audits.bytecodealliance.audits.miniz_oxide]]
who = "Alex Crichton <alex@alexcrichton.com>"
criteria = "safe-to-deploy"
delta = "0.8.0 -> 0.8.5"
notes = """
Lots of small updates here and there, for example around modernizing Rust
idioms. No new `unsafe` code and everything looks like what you'd expect a
compression library to be doing.
"""

[[audits.bytecodealliance.audits.miniz_oxide]]
who = "Alex Crichton <alex@alexcrichton.com>"
criteria = "safe-to-deploy"
delta = "0.8.5 -> 0.8.9"
notes = "No new unsafe code, just refactorings."

[[audits.bytecodealliance.audits.num-traits]]
who = "Andrew Brown <andrew.brown@intel.com>"
criteria = "safe-to-deploy"
version = "0.2.19"
notes = "As advertised: a numeric library. The only `unsafe` is from some float-to-int conversions, which seems expected."

[[audits.bytecodealliance.audits.unarray]]
who = "Alex Crichton <alex@alexcrichton.com>"
criteria = "safe-to-deploy"
version = "0.1.4"
notes = """
Crate is sound, albeit leaky, and not actively malicious. Probably not the best
crate to use in practice but it's suitable for testing dependencies.
"""

[audits.embark.audits]

[audits.mozilla.audits]
